
Microsoft Visual Studio Solution File, Format Version 12.00
Project("{FAE04EC0-301F-11D3-BF4B-00C04F79EFBC}") = "CopperDevs.Framework", "CopperDevs.Framework\CopperDevs.Framework.csproj", "{2A38C51D-C3D8-49CB-BD93-49EF4837E173}"
EndProject
Project("{FAE04EC0-301F-11D3-BF4B-00C04F79EFBC}") = "CopperDevs.Framework.Testing", "CopperDevs.Framework.Testing\CopperDevs.Framework.Testing.csproj", "{F2FF6B05-7A56-4AF9-878C-F013191A1C0A}"
EndProject
Project("{FAE04EC0-301F-11D3-BF4B-00C04F79EFBC}") = "TopDownShooter", "TopDownShooter\TopDownShooter.csproj", "{3F4382B6-3B88-4408-83F6-8910DF0D8E77}"
EndProject
Project("{2150E333-8FDC-42A3-9474-1A3956D46DE8}") = "Repo", "Repo", "{E2B60CFC-08BD-4F28-8165-1C56775C0319}"
	ProjectSection(SolutionItems) = preProject
		ReadMe.md = ReadMe.md
	EndProjectSection
EndProject
Project("{FAE04EC0-301F-11D3-BF4B-00C04F79EFBC}") = "CopperDevs.Framework.Common", "CopperDevs.Framework.Common\CopperDevs.Framework.Common.csproj", "{C8EF3A41-AD7C-4D49-94DF-2BC6C77DBF5E}"
EndProject
Project("{FAE04EC0-301F-11D3-BF4B-00C04F79EFBC}") = "CopperDevs.Framework.Resources.Shaders", "CopperDevs.Framework.Resources.Shaders\CopperDevs.Framework.Resources.Shaders.csproj", "{63649378-2209-490F-8045-7C35EE8C6847}"
EndProject
Project("{FAE04EC0-301F-11D3-BF4B-00C04F79EFBC}") = "CopperDevs.Framework.Resources.Fonts", "CopperDevs.Framework.Resources.Fonts\CopperDevs.Framework.Resources.Fonts.csproj", "{2C579091-2E4C-4799-9DB0-83398F3F8602}"
EndProject
Project("{FAE04EC0-301F-11D3-BF4B-00C04F79EFBC}") = "CopperDevs.Framework.Resources.Core", "CopperDevs.Framework.Resources.Core\CopperDevs.Framework.Resources.Core.csproj", "{57D4F3FC-B790-48AB-9586-BD0552DB103B}"
EndProject
Project("{2150E333-8FDC-42A3-9474-1A3956D46DE8}") = "Resources", "Resources", "{4F89107B-A3EF-43F3-AC3D-F76004FABAB8}"
EndProject
Project("{2150E333-8FDC-42A3-9474-1A3956D46DE8}") = "Core", "Core", "{6E0533C9-5718-42C5-BF75-309A8A095D83}"
EndProject
Project("{2150E333-8FDC-42A3-9474-1A3956D46DE8}") = "Runtimes", "Runtimes", "{1A14A015-AED0-424F-A134-A2A32A437ACF}"
EndProject
Global
	GlobalSection(SolutionConfigurationPlatforms) = preSolution
		Debug|Any CPU = Debug|Any CPU
		Release|Any CPU = Release|Any CPU
	EndGlobalSection
	GlobalSection(ProjectConfigurationPlatforms) = postSolution
		{2A38C51D-C3D8-49CB-BD93-49EF4837E173}.Debug|Any CPU.ActiveCfg = Debug|Any CPU
		{2A38C51D-C3D8-49CB-BD93-49EF4837E173}.Debug|Any CPU.Build.0 = Debug|Any CPU
		{2A38C51D-C3D8-49CB-BD93-49EF4837E173}.Release|Any CPU.ActiveCfg = Release|Any CPU
		{2A38C51D-C3D8-49CB-BD93-49EF4837E173}.Release|Any CPU.Build.0 = Release|Any CPU
		{F2FF6B05-7A56-4AF9-878C-F013191A1C0A}.Debug|Any CPU.ActiveCfg = Debug|Any CPU
		{F2FF6B05-7A56-4AF9-878C-F013191A1C0A}.Debug|Any CPU.Build.0 = Debug|Any CPU
		{F2FF6B05-7A56-4AF9-878C-F013191A1C0A}.Release|Any CPU.ActiveCfg = Release|Any CPU
		{F2FF6B05-7A56-4AF9-878C-F013191A1C0A}.Release|Any CPU.Build.0 = Release|Any CPU
		{3F4382B6-3B88-4408-83F6-8910DF0D8E77}.Debug|Any CPU.ActiveCfg = Debug|Any CPU
		{3F4382B6-3B88-4408-83F6-8910DF0D8E77}.Debug|Any CPU.Build.0 = Debug|Any CPU
		{3F4382B6-3B88-4408-83F6-8910DF0D8E77}.Release|Any CPU.ActiveCfg = Release|Any CPU
		{3F4382B6-3B88-4408-83F6-8910DF0D8E77}.Release|Any CPU.Build.0 = Release|Any CPU
		{C8EF3A41-AD7C-4D49-94DF-2BC6C77DBF5E}.Debug|Any CPU.ActiveCfg = Debug|Any CPU
		{C8EF3A41-AD7C-4D49-94DF-2BC6C77DBF5E}.Debug|Any CPU.Build.0 = Debug|Any CPU
		{C8EF3A41-AD7C-4D49-94DF-2BC6C77DBF5E}.Release|Any CPU.ActiveCfg = Release|Any CPU
		{C8EF3A41-AD7C-4D49-94DF-2BC6C77DBF5E}.Release|Any CPU.Build.0 = Release|Any CPU
		{63649378-2209-490F-8045-7C35EE8C6847}.Debug|Any CPU.ActiveCfg = Debug|Any CPU
		{63649378-2209-490F-8045-7C35EE8C6847}.Debug|Any CPU.Build.0 = Debug|Any CPU
		{63649378-2209-490F-8045-7C35EE8C6847}.Release|Any CPU.ActiveCfg = Release|Any CPU
		{63649378-2209-490F-8045-7C35EE8C6847}.Release|Any CPU.Build.0 = Release|Any CPU
		{2C579091-2E4C-4799-9DB0-83398F3F8602}.Debug|Any CPU.ActiveCfg = Debug|Any CPU
		{2C579091-2E4C-4799-9DB0-83398F3F8602}.Debug|Any CPU.Build.0 = Debug|Any CPU
		{2C579091-2E4C-4799-9DB0-83398F3F8602}.Release|Any CPU.ActiveCfg = Release|Any CPU
		{2C579091-2E4C-4799-9DB0-83398F3F8602}.Release|Any CPU.Build.0 = Release|Any CPU
		{57D4F3FC-B790-48AB-9586-BD0552DB103B}.Debug|Any CPU.ActiveCfg = Debug|Any CPU
		{57D4F3FC-B790-48AB-9586-BD0552DB103B}.Debug|Any CPU.Build.0 = Debug|Any CPU
		{57D4F3FC-B790-48AB-9586-BD0552DB103B}.Release|Any CPU.ActiveCfg = Release|Any CPU
		{57D4F3FC-B790-48AB-9586-BD0552DB103B}.Release|Any CPU.Build.0 = Release|Any CPU
	EndGlobalSection
	GlobalSection(NestedProjects) = preSolution
		{57D4F3FC-B790-48AB-9586-BD0552DB103B} = {4F89107B-A3EF-43F3-AC3D-F76004FABAB8}
		{2C579091-2E4C-4799-9DB0-83398F3F8602} = {4F89107B-A3EF-43F3-AC3D-F76004FABAB8}
		{63649378-2209-490F-8045-7C35EE8C6847} = {4F89107B-A3EF-43F3-AC3D-F76004FABAB8}
		{2A38C51D-C3D8-49CB-BD93-49EF4837E173} = {6E0533C9-5718-42C5-BF75-309A8A095D83}
		{C8EF3A41-AD7C-4D49-94DF-2BC6C77DBF5E} = {6E0533C9-5718-42C5-BF75-309A8A095D83}
		{F2FF6B05-7A56-4AF9-878C-F013191A1C0A} = {1A14A015-AED0-424F-A134-A2A32A437ACF}
		{3F4382B6-3B88-4408-83F6-8910DF0D8E77} = {1A14A015-AED0-424F-A134-A2A32A437ACF}
	EndGlobalSection
EndGlobal
