
Microsoft Visual Studio Solution File, Format Version 12.00
Project("{FAE04EC0-301F-11D3-BF4B-00C04F79EFBC}") = "CopperDevs.Framework", "CopperDevs.Framework\CopperDevs.Framework.csproj", "{2A38C51D-C3D8-49CB-BD93-49EF4837E173}"
EndProject
Project("{FAE04EC0-301F-11D3-BF4B-00C04F79EFBC}") = "CopperDevs.Framework.Testing", "CopperDevs.Framework.Testing\CopperDevs.Framework.Testing.csproj", "{F2FF6B05-7A56-4AF9-878C-F013191A1C0A}"
EndProject
Project("{FAE04EC0-301F-11D3-BF4B-00C04F79EFBC}") = "TopDownShooter", "TopDownShooter\TopDownShooter.csproj", "{3F4382B6-3B88-4408-83F6-8910DF0D8E77}"
EndProject
Project("{2150E333-8FDC-42A3-9474-1A3956D46DE8}") = "Repo", "Repo", "{E2B60CFC-08BD-4F28-8165-1C56775C0319}"
	ProjectSection(SolutionItems) = preProject
		ReadMe.md = ReadMe.md
	EndProjectSection
EndProject
Global
	GlobalSection(SolutionConfigurationPlatforms) = preSolution
		Debug|Any CPU = Debug|Any CPU
		Release|Any CPU = Release|Any CPU
	EndGlobalSection
	GlobalSection(ProjectConfigurationPlatforms) = postSolution
		{2A38C51D-C3D8-49CB-BD93-49EF4837E173}.Debug|Any CPU.ActiveCfg = Debug|Any CPU
		{2A38C51D-C3D8-49CB-BD93-49EF4837E173}.Debug|Any CPU.Build.0 = Debug|Any CPU
		{2A38C51D-C3D8-49CB-BD93-49EF4837E173}.Release|Any CPU.ActiveCfg = Release|Any CPU
		{2A38C51D-C3D8-49CB-BD93-49EF4837E173}.Release|Any CPU.Build.0 = Release|Any CPU
		{F2FF6B05-7A56-4AF9-878C-F013191A1C0A}.Debug|Any CPU.ActiveCfg = Debug|Any CPU
		{F2FF6B05-7A56-4AF9-878C-F013191A1C0A}.Debug|Any CPU.Build.0 = Debug|Any CPU
		{F2FF6B05-7A56-4AF9-878C-F013191A1C0A}.Release|Any CPU.ActiveCfg = Release|Any CPU
		{F2FF6B05-7A56-4AF9-878C-F013191A1C0A}.Release|Any CPU.Build.0 = Release|Any CPU
		{3F4382B6-3B88-4408-83F6-8910DF0D8E77}.Debug|Any CPU.ActiveCfg = Debug|Any CPU
		{3F4382B6-3B88-4408-83F6-8910DF0D8E77}.Debug|Any CPU.Build.0 = Debug|Any CPU
		{3F4382B6-3B88-4408-83F6-8910DF0D8E77}.Release|Any CPU.ActiveCfg = Release|Any CPU
		{3F4382B6-3B88-4408-83F6-8910DF0D8E77}.Release|Any CPU.Build.0 = Release|Any CPU
	EndGlobalSection
	GlobalSection(NestedProjects) = preSolution
	EndGlobalSection
EndGlobal
