
Microsoft Visual Studio Solution File, Format Version 12.00
Project("{FAE04EC0-301F-11D3-BF4B-00C04F79EFBC}") = "CopperDevs.Framework", "CopperDevs.Framework\CopperDevs.Framework.csproj", "{2A38C51D-C3D8-49CB-BD93-49EF4837E173}"
EndProject
Project("{FAE04EC0-301F-11D3-BF4B-00C04F79EFBC}") = "CopperDevs.Framework.Testing", "CopperDevs.Framework.Testing\CopperDevs.Framework.Testing.csproj", "{F2FF6B05-7A56-4AF9-878C-F013191A1C0A}"
EndProject
Project("{FAE04EC0-301F-11D3-BF4B-00C04F79EFBC}") = "CopperDevs.Core", "CopperDevs.Core\CopperDevs.Core.csproj", "{5A5BF56F-9155-4061-A169-B0366854DE98}"
EndProject
Project("{FAE04EC0-301F-11D3-BF4B-00C04F79EFBC}") = "CopperDevs.DearImGui", "CopperDevs.DearImGui\CopperDevs.DearImGui.csproj", "{E159CBC6-20FA-4E37-8C72-A7A8C59B58DD}"
EndProject
Project("{2150E333-8FDC-42A3-9474-1A3956D46DE8}") = "Games", "Games", "{B0469968-E4D6-4D0E-A91E-69454700274D}"
EndProject
Project("{FAE04EC0-301F-11D3-BF4B-00C04F79EFBC}") = "TopDownShooter", "TopDownShooter\TopDownShooter.csproj", "{3F4382B6-3B88-4408-83F6-8910DF0D8E77}"
EndProject
Project("{2150E333-8FDC-42A3-9474-1A3956D46DE8}") = "Core", "Core", "{B4413F19-575C-4760-B473-8B31318F19DC}"
EndProject
Project("{2150E333-8FDC-42A3-9474-1A3956D46DE8}") = "Framework", "Framework", "{A82CB4EA-6EB2-43F3-BA21-4E942244B3F5}"
EndProject
Global
	GlobalSection(SolutionConfigurationPlatforms) = preSolution
		Debug|Any CPU = Debug|Any CPU
		Release|Any CPU = Release|Any CPU
	EndGlobalSection
	GlobalSection(ProjectConfigurationPlatforms) = postSolution
		{2A38C51D-C3D8-49CB-BD93-49EF4837E173}.Debug|Any CPU.ActiveCfg = Debug|Any CPU
		{2A38C51D-C3D8-49CB-BD93-49EF4837E173}.Debug|Any CPU.Build.0 = Debug|Any CPU
		{2A38C51D-C3D8-49CB-BD93-49EF4837E173}.Release|Any CPU.ActiveCfg = Release|Any CPU
		{2A38C51D-C3D8-49CB-BD93-49EF4837E173}.Release|Any CPU.Build.0 = Release|Any CPU
		{F2FF6B05-7A56-4AF9-878C-F013191A1C0A}.Debug|Any CPU.ActiveCfg = Debug|Any CPU
		{F2FF6B05-7A56-4AF9-878C-F013191A1C0A}.Debug|Any CPU.Build.0 = Debug|Any CPU
		{F2FF6B05-7A56-4AF9-878C-F013191A1C0A}.Release|Any CPU.ActiveCfg = Release|Any CPU
		{F2FF6B05-7A56-4AF9-878C-F013191A1C0A}.Release|Any CPU.Build.0 = Release|Any CPU
		{5A5BF56F-9155-4061-A169-B0366854DE98}.Debug|Any CPU.ActiveCfg = Debug|Any CPU
		{5A5BF56F-9155-4061-A169-B0366854DE98}.Debug|Any CPU.Build.0 = Debug|Any CPU
		{5A5BF56F-9155-4061-A169-B0366854DE98}.Release|Any CPU.ActiveCfg = Release|Any CPU
		{5A5BF56F-9155-4061-A169-B0366854DE98}.Release|Any CPU.Build.0 = Release|Any CPU
		{E159CBC6-20FA-4E37-8C72-A7A8C59B58DD}.Debug|Any CPU.ActiveCfg = Debug|Any CPU
		{E159CBC6-20FA-4E37-8C72-A7A8C59B58DD}.Debug|Any CPU.Build.0 = Debug|Any CPU
		{E159CBC6-20FA-4E37-8C72-A7A8C59B58DD}.Release|Any CPU.ActiveCfg = Release|Any CPU
		{E159CBC6-20FA-4E37-8C72-A7A8C59B58DD}.Release|Any CPU.Build.0 = Release|Any CPU
		{3F4382B6-3B88-4408-83F6-8910DF0D8E77}.Debug|Any CPU.ActiveCfg = Debug|Any CPU
		{3F4382B6-3B88-4408-83F6-8910DF0D8E77}.Debug|Any CPU.Build.0 = Debug|Any CPU
		{3F4382B6-3B88-4408-83F6-8910DF0D8E77}.Release|Any CPU.ActiveCfg = Release|Any CPU
		{3F4382B6-3B88-4408-83F6-8910DF0D8E77}.Release|Any CPU.Build.0 = Release|Any CPU
	EndGlobalSection
	GlobalSection(NestedProjects) = preSolution
		{3F4382B6-3B88-4408-83F6-8910DF0D8E77} = {B0469968-E4D6-4D0E-A91E-69454700274D}
		{5A5BF56F-9155-4061-A169-B0366854DE98} = {B4413F19-575C-4760-B473-8B31318F19DC}
		{E159CBC6-20FA-4E37-8C72-A7A8C59B58DD} = {B4413F19-575C-4760-B473-8B31318F19DC}
		{2A38C51D-C3D8-49CB-BD93-49EF4837E173} = {A82CB4EA-6EB2-43F3-BA21-4E942244B3F5}
		{F2FF6B05-7A56-4AF9-878C-F013191A1C0A} = {A82CB4EA-6EB2-43F3-BA21-4E942244B3F5}
	EndGlobalSection
EndGlobal
